# THIS IS AN AUTOGENERATED FILE. DO NOT EDIT THIS FILE DIRECTLY.
# yarn lockfile v1


"@aws-cdk/assets@1.75.0":
  version "1.75.0"
  resolved "https://registry.yarnpkg.com/@aws-cdk/assets/-/assets-1.75.0.tgz#80ecad235ff12a594ed899041b43a40886bf66bb"
  integrity sha512-KIW9cLyJ5fVfkGyxiyDbfmFyijNducYiSQMs6drxjk0Ae+ydWjkvsinozcXHeo2vW2h1kAANHdH/d8ipzSMjJQ==
  dependencies:
    "@aws-cdk/core" "1.75.0"
    "@aws-cdk/cx-api" "1.75.0"
    constructs "^3.2.0"

"@aws-cdk/aws-applicationautoscaling@1.75.0":
  version "1.75.0"
  resolved "https://registry.yarnpkg.com/@aws-cdk/aws-applicationautoscaling/-/aws-applicationautoscaling-1.75.0.tgz#ad212901c0ea62a7706b1d7e6d5d8baf2d69e928"
  integrity sha512-0koG/9LaTytttTKFXTWjEWlq8R/uVTONaz2XCKkI2jOFHDCH5iWQPgaxSHzxz+gY8IoYOX8+8BRUbQ8SeSoyvQ==
  dependencies:
    "@aws-cdk/aws-autoscaling-common" "1.75.0"
    "@aws-cdk/aws-cloudwatch" "1.75.0"
    "@aws-cdk/aws-iam" "1.75.0"
    "@aws-cdk/core" "1.75.0"
    constructs "^3.2.0"

"@aws-cdk/aws-autoscaling-common@1.75.0":
  version "1.75.0"
  resolved "https://registry.yarnpkg.com/@aws-cdk/aws-autoscaling-common/-/aws-autoscaling-common-1.75.0.tgz#256c30796937505f6c1f4ecc9c52a1d9bb6ddc71"
  integrity sha512-YyiJx4DxqtaTK+DrcgR4vQ/ipFPTK5hQmEhTtt+u6BAmWlMgVzqJF7ELFva6jVSKZp+GbyvrtT25Lv3nxbJi6w==
  dependencies:
    "@aws-cdk/aws-iam" "1.75.0"
    "@aws-cdk/core" "1.75.0"
    constructs "^3.2.0"

"@aws-cdk/aws-cloudwatch@1.75.0":
  version "1.75.0"
  resolved "https://registry.yarnpkg.com/@aws-cdk/aws-cloudwatch/-/aws-cloudwatch-1.75.0.tgz#4ed75eb6f4f70c2b4bf5056c2e62a636c94e183e"
  integrity sha512-jqIcyg8YxjhZRQ642K/ApKY6JaQtHWwXmLiHko+SCMHG6yUYS3xupzopGuC0GhsjKgwkP6ZzYXJpaZEqez9aHQ==
  dependencies:
    "@aws-cdk/aws-iam" "1.75.0"
    "@aws-cdk/core" "1.75.0"
    constructs "^3.2.0"

"@aws-cdk/aws-codeguruprofiler@1.75.0":
  version "1.75.0"
  resolved "https://registry.yarnpkg.com/@aws-cdk/aws-codeguruprofiler/-/aws-codeguruprofiler-1.75.0.tgz#da7b6eb2fcaebb47eae864056ee64c52ae7ccd6b"
  integrity sha512-WXUCDuFwm2rYA+/E+Ja9vuOUdRgSIu8fnh13RaDWO+zLH5MTc02WiPi7rLjat5gzjA1QQ2cVzZLsorCNqywcOQ==
  dependencies:
    "@aws-cdk/aws-iam" "1.75.0"
    "@aws-cdk/core" "1.75.0"
    constructs "^3.2.0"

"@aws-cdk/aws-ec2@1.75.0":
  version "1.75.0"
  resolved "https://registry.yarnpkg.com/@aws-cdk/aws-ec2/-/aws-ec2-1.75.0.tgz#5dc30d0a144c08535b4145d60d9013a3d27139db"
  integrity sha512-rfdOzCM1URIDcach1ygRpjUDr4O00k4WSm2LqnXW94/izJU+kLILo5a84rgLoBQH6CI95lLdSIsawBrexAJXow==
  dependencies:
    "@aws-cdk/aws-cloudwatch" "1.75.0"
    "@aws-cdk/aws-iam" "1.75.0"
    "@aws-cdk/aws-kms" "1.75.0"
    "@aws-cdk/aws-logs" "1.75.0"
    "@aws-cdk/aws-s3" "1.75.0"
    "@aws-cdk/aws-s3-assets" "1.75.0"
    "@aws-cdk/aws-ssm" "1.75.0"
    "@aws-cdk/cloud-assembly-schema" "1.75.0"
    "@aws-cdk/core" "1.75.0"
    "@aws-cdk/cx-api" "1.75.0"
    "@aws-cdk/region-info" "1.75.0"
    constructs "^3.2.0"

"@aws-cdk/aws-efs@1.75.0":
  version "1.75.0"
  resolved "https://registry.yarnpkg.com/@aws-cdk/aws-efs/-/aws-efs-1.75.0.tgz#9f5d9ca50a821f428a505df885137429ed28cd28"
  integrity sha512-k/tCHvkELzyeNfY+Lwow652dn5cueUDYP5bjM0IZQ42kT6u5Bl8W6IRVq50MGNHGx/37haNX2UIqtdvTnN7w0A==
  dependencies:
    "@aws-cdk/aws-ec2" "1.75.0"
    "@aws-cdk/aws-kms" "1.75.0"
    "@aws-cdk/cloud-assembly-schema" "1.75.0"
    "@aws-cdk/core" "1.75.0"
    "@aws-cdk/cx-api" "1.75.0"
    constructs "^3.2.0"

"@aws-cdk/aws-events@1.75.0":
  version "1.75.0"
  resolved "https://registry.yarnpkg.com/@aws-cdk/aws-events/-/aws-events-1.75.0.tgz#9ba5a447a73f808313959242822e84aaff42dd72"
  integrity sha512-SAAya1UC4Wbj1rLtCDgAIsa/TibteILmHEtMQYTrNIxsY+726xliFm5BlngatbQZZyFg8V16oHbL7t0mGroqPA==
  dependencies:
    "@aws-cdk/aws-iam" "1.75.0"
    "@aws-cdk/core" "1.75.0"
    constructs "^3.2.0"

"@aws-cdk/aws-iam@1.75.0":
  version "1.75.0"
  resolved "https://registry.yarnpkg.com/@aws-cdk/aws-iam/-/aws-iam-1.75.0.tgz#fe987873cbef7040df428e6d34242b0aa0a5f9d6"
  integrity sha512-yTxQlr3ZfsA93zB6+jQSiwlRLwWNsIIONDB9vzn83X0oxcjaFIghENJ9YjzwtPCQbD5L1r/NDwn7ZW0VEwlgtg==
  dependencies:
    "@aws-cdk/core" "1.75.0"
    "@aws-cdk/region-info" "1.75.0"
    constructs "^3.2.0"

"@aws-cdk/aws-kms@1.75.0":
  version "1.75.0"
  resolved "https://registry.yarnpkg.com/@aws-cdk/aws-kms/-/aws-kms-1.75.0.tgz#27c2d47f24b33f5760176b3b228541add8305cbf"
  integrity sha512-UckWCc9u3Ft+6uv+U693NoazYweUq+VTMg1R9aMIw4ieHVNg+AFQzSZL+Et5X1788Cb69GTem0wTTIiRiVlwpg==
  dependencies:
    "@aws-cdk/aws-iam" "1.75.0"
    "@aws-cdk/core" "1.75.0"
    constructs "^3.2.0"

"@aws-cdk/aws-lambda-nodejs@^1.75.0":
  version "1.75.0"
  resolved "https://registry.yarnpkg.com/@aws-cdk/aws-lambda-nodejs/-/aws-lambda-nodejs-1.75.0.tgz#6c5ede003983ece7f22ae314ec7d5f06d9700d69"
  integrity sha512-6s2/XEsbJHzVxnzisXMoI41ZlRXWJe2i5qbMSnp2msg3+sY4PjgAoZemKlPvFCMMDdKgGgktZjELXd+cHXC/iQ==
  dependencies:
    "@aws-cdk/aws-lambda" "1.75.0"
    "@aws-cdk/core" "1.75.0"
    constructs "^3.2.0"

"@aws-cdk/aws-lambda@1.75.0":
  version "1.75.0"
  resolved "https://registry.yarnpkg.com/@aws-cdk/aws-lambda/-/aws-lambda-1.75.0.tgz#53a9ec814983efa2cf9426bdc00416f2f5d8deb9"
  integrity sha512-tvdUZT5f+jJvBHLUvP5u9Vm79pcN6d+5w83h2vFC3WJ7A0hMfglbOFpwwPbpBvq6cn6ZqmlkRjSc5XQKmDVJqw==
  dependencies:
    "@aws-cdk/aws-applicationautoscaling" "1.75.0"
    "@aws-cdk/aws-cloudwatch" "1.75.0"
    "@aws-cdk/aws-codeguruprofiler" "1.75.0"
    "@aws-cdk/aws-ec2" "1.75.0"
    "@aws-cdk/aws-efs" "1.75.0"
    "@aws-cdk/aws-events" "1.75.0"
    "@aws-cdk/aws-iam" "1.75.0"
    "@aws-cdk/aws-logs" "1.75.0"
    "@aws-cdk/aws-s3" "1.75.0"
    "@aws-cdk/aws-s3-assets" "1.75.0"
    "@aws-cdk/aws-sqs" "1.75.0"
    "@aws-cdk/core" "1.75.0"
    "@aws-cdk/cx-api" "1.75.0"
    constructs "^3.2.0"

"@aws-cdk/aws-logs@1.75.0":
  version "1.75.0"
  resolved "https://registry.yarnpkg.com/@aws-cdk/aws-logs/-/aws-logs-1.75.0.tgz#ce13f66f5576796ac77f550aecac30b79225ca6a"
  integrity sha512-zVgnlieNpHJ1oW2z7q+6uope10x7yGVwKCiwyrlIDSKZqB54ayrt2EXoXaZwbXn7LQ4yRQu4ip/GhHhn0UfQoQ==
  dependencies:
    "@aws-cdk/aws-cloudwatch" "1.75.0"
    "@aws-cdk/aws-iam" "1.75.0"
    "@aws-cdk/aws-kms" "1.75.0"
    "@aws-cdk/aws-s3-assets" "1.75.0"
    "@aws-cdk/core" "1.75.0"
    constructs "^3.2.0"

"@aws-cdk/aws-s3-assets@1.75.0":
  version "1.75.0"
  resolved "https://registry.yarnpkg.com/@aws-cdk/aws-s3-assets/-/aws-s3-assets-1.75.0.tgz#00a30f8ffde6687839811f2333c94cb7f87a0b20"
  integrity sha512-BhXDpiHR78AWpk5M6xT/pVV4gK4tZ5EWEuIQPbH0OHscW6VrygfOmxiVoHFbkpC5RNjgpbgx8kqwzLJXD6pCwg==
  dependencies:
    "@aws-cdk/assets" "1.75.0"
    "@aws-cdk/aws-iam" "1.75.0"
    "@aws-cdk/aws-kms" "1.75.0"
    "@aws-cdk/aws-s3" "1.75.0"
    "@aws-cdk/core" "1.75.0"
    "@aws-cdk/cx-api" "1.75.0"
    constructs "^3.2.0"

"@aws-cdk/aws-s3@1.75.0":
  version "1.75.0"
  resolved "https://registry.yarnpkg.com/@aws-cdk/aws-s3/-/aws-s3-1.75.0.tgz#6aa8c2341b390de55db4518ff4701d11bb5caa46"
  integrity sha512-0agdQ+XOEM+iT/8O0+WrEKU+kqrHj4gKUjSyJ1W3LkFldoCrxRXNZidV4VsWn2F++lUKVQLIZOxQVUX+bIzJPw==
  dependencies:
    "@aws-cdk/aws-events" "1.75.0"
    "@aws-cdk/aws-iam" "1.75.0"
    "@aws-cdk/aws-kms" "1.75.0"
    "@aws-cdk/core" "1.75.0"
    constructs "^3.2.0"

"@aws-cdk/aws-sqs@1.75.0":
  version "1.75.0"
  resolved "https://registry.yarnpkg.com/@aws-cdk/aws-sqs/-/aws-sqs-1.75.0.tgz#804d1f4ed7805fd235542ae02c9ccdd28ab4801d"
  integrity sha512-X4gc0cZkNGQ6Q5WMBqnrZLSwR2fyDvRM7CdkiF22/EpSo5anF/2ENTCCXS8KiNwsUvl4bzKhuRLWWTJRrN6JWQ==
  dependencies:
    "@aws-cdk/aws-cloudwatch" "1.75.0"
    "@aws-cdk/aws-iam" "1.75.0"
    "@aws-cdk/aws-kms" "1.75.0"
    "@aws-cdk/core" "1.75.0"
    constructs "^3.2.0"

"@aws-cdk/aws-ssm@1.75.0":
  version "1.75.0"
  resolved "https://registry.yarnpkg.com/@aws-cdk/aws-ssm/-/aws-ssm-1.75.0.tgz#b2b6c69f981eccc889f6619c17b6007270e3629e"
  integrity sha512-PcwqWShivuaLUoP9BTALNyMdkacjxvMohPqTWswDeAJ3Ryo+oE9qF0bnwwSbjfAsYCOBb3IZBiFsNEzIrGQw6Q==
  dependencies:
    "@aws-cdk/aws-iam" "1.75.0"
    "@aws-cdk/aws-kms" "1.75.0"
    "@aws-cdk/cloud-assembly-schema" "1.75.0"
    "@aws-cdk/core" "1.75.0"
    constructs "^3.2.0"

"@aws-cdk/cloud-assembly-schema@1.75.0":
  version "1.75.0"
  resolved "https://registry.yarnpkg.com/@aws-cdk/cloud-assembly-schema/-/cloud-assembly-schema-1.75.0.tgz#04eb3c0830633812b842d381fb4f7f26e06efa3c"
  integrity sha512-THnTab/XfPcXVMmUTtpZYZpV/OH7fjxaDXZsYjhVxfcNVjxzaMXUllwCGbmIAa4l15pEe+nlh6dQr1cPIuTzSg==
  dependencies:
    jsonschema "^1.4.0"
    semver "^7.3.2"

"@aws-cdk/core@1.75.0":
  version "1.75.0"
  resolved "https://registry.yarnpkg.com/@aws-cdk/core/-/core-1.75.0.tgz#9420d21673bab173c08d1fa3fccc15d4a41cdcc5"
  integrity sha512-CVHoOCraglhdoL7EXiCrZ3aPPr+TCalDyF6R5quh+lDeBPRuXF+ddfGFh2nhusyEtLtuJgxqTMp/OMIPKh+Smg==
  dependencies:
    "@aws-cdk/cloud-assembly-schema" "1.75.0"
    "@aws-cdk/cx-api" "1.75.0"
    "@aws-cdk/region-info" "1.75.0"
    "@balena/dockerignore" "^1.0.2"
    constructs "^3.2.0"
    fs-extra "^9.0.1"
    ignore "^5.1.8"
    minimatch "^3.0.4"

"@aws-cdk/cx-api@1.75.0":
  version "1.75.0"
  resolved "https://registry.yarnpkg.com/@aws-cdk/cx-api/-/cx-api-1.75.0.tgz#3b699d6d36a0418466172bfb00f6551dc0e87f02"
  integrity sha512-PjeJb2Jcj/kREc/fbEQXSdQnvoemnIY7IEjy0itVoDY2ZIJo3v/6mnXtKJX3h0td5bt6OTQPMXUzkeua0xsjvg==
  dependencies:
    "@aws-cdk/cloud-assembly-schema" "1.75.0"
    semver "^7.3.2"

"@aws-cdk/region-info@1.75.0":
  version "1.75.0"
  resolved "https://registry.yarnpkg.com/@aws-cdk/region-info/-/region-info-1.75.0.tgz#c5bb4d40c1635d55c3365beb21837e832fb0e35c"
  integrity sha512-hMwQgTXtFUNROOnBH42FKskWcWssGeAK/jzbk+IByC7gxrW8UPcbUFRV9cr6YdcB1W3neE66EI5nQPwDeVFvnA==

"@aws-crypto/crc32@^1.0.0":
  version "1.0.0"
  resolved "https://registry.yarnpkg.com/@aws-crypto/crc32/-/crc32-1.0.0.tgz#6a0164fd92bb365860ba6afb5dfef449701eb8ca"
  integrity sha512-wr4EyCv3ZfLH3Sg7FErV6e/cLhpk9rUP/l5322y8PRgpQsItdieaLbtE4aDOR+dxl8U7BG9FIwWXH4TleTDZ9A==
  dependencies:
    tslib "^1.11.1"

"@aws-crypto/ie11-detection@^1.0.0":
  version "1.0.0"
  resolved "https://registry.yarnpkg.com/@aws-crypto/ie11-detection/-/ie11-detection-1.0.0.tgz#d3a6af29ba7f15458f79c41d1cd8cac3925e726a"
  integrity sha512-kCKVhCF1oDxFYgQrxXmIrS5oaWulkvRcPz+QBDMsUr2crbF4VGgGT6+uQhSwJFdUAQ2A//Vq+uT83eJrkzFgXA==
  dependencies:
    tslib "^1.11.1"

"@aws-crypto/sha256-browser@^1.0.0":
  version "1.0.0"
  resolved "https://registry.yarnpkg.com/@aws-crypto/sha256-browser/-/sha256-browser-1.0.0.tgz#9c34d3b829d922b2c8e077b30a60db53d6befcb1"
  integrity sha512-uSufui4ZktC5lYX6bDxgBgNboxGyw9V9V+rlcNsNTxh4YPhOdCslwJMGntiWOBRGAgXhhvWi7FqnTS2SaT3cpg==
  dependencies:
    "@aws-crypto/ie11-detection" "^1.0.0"
    "@aws-crypto/sha256-js" "^1.0.0"
    "@aws-crypto/supports-web-crypto" "^1.0.0"
    "@aws-sdk/types" "^1.0.0-rc.1"
    "@aws-sdk/util-locate-window" "^1.0.0-rc.1"
    "@aws-sdk/util-utf8-browser" "^1.0.0-rc.1"
    tslib "^1.11.1"

"@aws-crypto/sha256-js@^1.0.0":
  version "1.0.0"
  resolved "https://registry.yarnpkg.com/@aws-crypto/sha256-js/-/sha256-js-1.0.0.tgz#ca788a3242a4024c386e6b9985da28f290a79ad7"
  integrity sha512-89kqtFs/tdHBFHEBXZ4UXlCISswvEor3BVVOriR68Tbk1Qe1zBOZtfbSOt3CDT69z88x5uM558YW9k8I1xei5A==
  dependencies:
    "@aws-sdk/types" "^1.0.0-rc.1"
    "@aws-sdk/util-utf8-browser" "^1.0.0-rc.1"
    tslib "^1.11.1"

"@aws-crypto/supports-web-crypto@^1.0.0":
  version "1.0.0"
  resolved "https://registry.yarnpkg.com/@aws-crypto/supports-web-crypto/-/supports-web-crypto-1.0.0.tgz#c40901bc17ac1e875e248df16a2b47ad8bfd9a93"
  integrity sha512-IHLfv+WmVH89EW4n6a5eE8/hUlz6qkWGMn/v4r5ZgzcXdTC5nolii2z3k46y01hWRiC2PPhOdeSLzMUCUMco7g==
  dependencies:
    tslib "^1.11.1"

"@aws-sdk/abort-controller@1.0.0-rc.7":
  version "1.0.0-rc.7"
  resolved "https://registry.yarnpkg.com/@aws-sdk/abort-controller/-/abort-controller-1.0.0-rc.7.tgz#7a94a446600dfb32227ae2f04c4ff47e005c341f"
  integrity sha512-gskwC7NCoAn1R2UyAQFkSnboEqf9FgfJkK9A2LnQTanyGjIK1YdfcinFxY/z29r/Ap7CToAluKZKiIgM96R9bA==
  dependencies:
    tslib "^1.8.0"

"@aws-sdk/chunked-blob-reader-native@1.0.0-rc.3":
  version "1.0.0-rc.3"
  resolved "https://registry.yarnpkg.com/@aws-sdk/chunked-blob-reader-native/-/chunked-blob-reader-native-1.0.0-rc.3.tgz#5a863d61f84ca0ff32e440f4c214e1929af05978"
  integrity sha512-ouuN4cBmwfVPVVQeBhKm18BHkBK/ZVn0VDE4WXVMqu3WjNBxulKYCvJ7mkxi1oWWzp+RGa1TwIQuancB1IHrdA==
  dependencies:
    "@aws-sdk/util-base64-browser" "1.0.0-rc.3"
    tslib "^1.8.0"

"@aws-sdk/chunked-blob-reader@1.0.0-rc.3":
  version "1.0.0-rc.3"
  resolved "https://registry.yarnpkg.com/@aws-sdk/chunked-blob-reader/-/chunked-blob-reader-1.0.0-rc.3.tgz#f704a8c6133931bbde3ee015936dc136763dd992"
  integrity sha512-d4B6mOYxZqo+y2op5BwEsG0wxewyNhVmyvfdQfhaJowNjhZpQ6vhYkh3umOarLwyC72dNScKBQYLnOsf5chtDg==
  dependencies:
    tslib "^1.8.0"

"@aws-sdk/client-dynamodb@^1.0.0-rc.7":
  version "1.0.0-rc.7"
  resolved "https://registry.yarnpkg.com/@aws-sdk/client-dynamodb/-/client-dynamodb-1.0.0-rc.7.tgz#3fe1fd080f724e77f06acdd51ffa367ffd7184a2"
  integrity sha512-eeKMCORAL01DqgdsJRBKBdWeM2G9pnqVPfPpKjYuAbawMT2UjprlDOsShdFi5gm7pyzlrTdD2AeH99YHI38yxA==
  dependencies:
    "@aws-crypto/sha256-browser" "^1.0.0"
    "@aws-crypto/sha256-js" "^1.0.0"
    "@aws-sdk/config-resolver" "1.0.0-rc.7"
    "@aws-sdk/credential-provider-node" "1.0.0-rc.7"
    "@aws-sdk/fetch-http-handler" "1.0.0-rc.7"
    "@aws-sdk/hash-node" "1.0.0-rc.7"
    "@aws-sdk/invalid-dependency" "1.0.0-rc.3"
    "@aws-sdk/middleware-content-length" "1.0.0-rc.7"
    "@aws-sdk/middleware-host-header" "1.0.0-rc.7"
    "@aws-sdk/middleware-logger" "1.0.0-rc.7"
    "@aws-sdk/middleware-retry" "1.0.0-rc.7"
    "@aws-sdk/middleware-serde" "1.0.0-rc.7"
    "@aws-sdk/middleware-signing" "1.0.0-rc.7"
    "@aws-sdk/middleware-stack" "1.0.0-rc.7"
    "@aws-sdk/middleware-user-agent" "1.0.0-rc.7"
    "@aws-sdk/node-config-provider" "1.0.0-rc.7"
    "@aws-sdk/node-http-handler" "1.0.0-rc.7"
    "@aws-sdk/protocol-http" "1.0.0-rc.7"
    "@aws-sdk/smithy-client" "1.0.0-rc.7"
    "@aws-sdk/url-parser-browser" "1.0.0-rc.7"
    "@aws-sdk/url-parser-node" "1.0.0-rc.7"
    "@aws-sdk/util-base64-browser" "1.0.0-rc.3"
    "@aws-sdk/util-base64-node" "1.0.0-rc.3"
    "@aws-sdk/util-body-length-browser" "1.0.0-rc.3"
    "@aws-sdk/util-body-length-node" "1.0.0-rc.3"
    "@aws-sdk/util-user-agent-browser" "1.0.0-rc.7"
    "@aws-sdk/util-user-agent-node" "1.0.0-rc.7"
    "@aws-sdk/util-utf8-browser" "1.0.0-rc.3"
    "@aws-sdk/util-utf8-node" "1.0.0-rc.3"
    tslib "^2.0.0"
    uuid "^3.0.0"

"@aws-sdk/client-lambda@^1.0.0-rc.7":
  version "1.0.0-rc.7"
  resolved "https://registry.yarnpkg.com/@aws-sdk/client-lambda/-/client-lambda-1.0.0-rc.7.tgz#03f3dbda8fb11effd5a60b4db75bab90aedc9cbf"
  integrity sha512-BoNvvPukalPXXJdh26a+lQWw2h0SCKqGTPyBsom4zpSHjELwyicK1tjJmK7JFc3Go++JOyU746AIeuORyKRjJg==
  dependencies:
    "@aws-crypto/sha256-browser" "^1.0.0"
    "@aws-crypto/sha256-js" "^1.0.0"
    "@aws-sdk/config-resolver" "1.0.0-rc.7"
    "@aws-sdk/credential-provider-node" "1.0.0-rc.7"
    "@aws-sdk/fetch-http-handler" "1.0.0-rc.7"
    "@aws-sdk/hash-node" "1.0.0-rc.7"
    "@aws-sdk/invalid-dependency" "1.0.0-rc.3"
    "@aws-sdk/middleware-content-length" "1.0.0-rc.7"
    "@aws-sdk/middleware-host-header" "1.0.0-rc.7"
    "@aws-sdk/middleware-logger" "1.0.0-rc.7"
    "@aws-sdk/middleware-retry" "1.0.0-rc.7"
    "@aws-sdk/middleware-serde" "1.0.0-rc.7"
    "@aws-sdk/middleware-signing" "1.0.0-rc.7"
    "@aws-sdk/middleware-stack" "1.0.0-rc.7"
    "@aws-sdk/middleware-user-agent" "1.0.0-rc.7"
    "@aws-sdk/node-config-provider" "1.0.0-rc.7"
    "@aws-sdk/node-http-handler" "1.0.0-rc.7"
    "@aws-sdk/protocol-http" "1.0.0-rc.7"
    "@aws-sdk/smithy-client" "1.0.0-rc.7"
    "@aws-sdk/url-parser-browser" "1.0.0-rc.7"
    "@aws-sdk/url-parser-node" "1.0.0-rc.7"
    "@aws-sdk/util-base64-browser" "1.0.0-rc.3"
    "@aws-sdk/util-base64-node" "1.0.0-rc.3"
    "@aws-sdk/util-body-length-browser" "1.0.0-rc.3"
    "@aws-sdk/util-body-length-node" "1.0.0-rc.3"
    "@aws-sdk/util-user-agent-browser" "1.0.0-rc.7"
    "@aws-sdk/util-user-agent-node" "1.0.0-rc.7"
    "@aws-sdk/util-utf8-browser" "1.0.0-rc.3"
    "@aws-sdk/util-utf8-node" "1.0.0-rc.3"
    tslib "^2.0.0"

"@aws-sdk/client-s3@^1.0.0-rc.7":
  version "1.0.0-rc.7"
  resolved "https://registry.yarnpkg.com/@aws-sdk/client-s3/-/client-s3-1.0.0-rc.7.tgz#847edafd9b9b61adebe0a8603257cd0f5dd860ab"
  integrity sha512-ITjHbCNCtYpcy3NBrBc6HuDF7qNSs39vJZe3GyzYkH0eXerpcXUGnAyq1JNVcNBvQkAtLDhqNMK6p771cK0QeA==
  dependencies:
    "@aws-crypto/sha256-browser" "^1.0.0"
    "@aws-crypto/sha256-js" "^1.0.0"
    "@aws-sdk/config-resolver" "1.0.0-rc.7"
    "@aws-sdk/credential-provider-node" "1.0.0-rc.7"
    "@aws-sdk/eventstream-serde-browser" "1.0.0-rc.7"
    "@aws-sdk/eventstream-serde-config-resolver" "1.0.0-rc.7"
    "@aws-sdk/eventstream-serde-node" "1.0.0-rc.7"
    "@aws-sdk/fetch-http-handler" "1.0.0-rc.7"
    "@aws-sdk/hash-blob-browser" "1.0.0-rc.7"
    "@aws-sdk/hash-node" "1.0.0-rc.7"
    "@aws-sdk/hash-stream-node" "1.0.0-rc.7"
    "@aws-sdk/invalid-dependency" "1.0.0-rc.3"
    "@aws-sdk/md5-js" "1.0.0-rc.7"
    "@aws-sdk/middleware-apply-body-checksum" "1.0.0-rc.7"
    "@aws-sdk/middleware-bucket-endpoint" "1.0.0-rc.7"
    "@aws-sdk/middleware-content-length" "1.0.0-rc.7"
    "@aws-sdk/middleware-expect-continue" "1.0.0-rc.7"
    "@aws-sdk/middleware-host-header" "1.0.0-rc.7"
    "@aws-sdk/middleware-location-constraint" "1.0.0-rc.7"
    "@aws-sdk/middleware-logger" "1.0.0-rc.7"
    "@aws-sdk/middleware-retry" "1.0.0-rc.7"
    "@aws-sdk/middleware-sdk-s3" "1.0.0-rc.7"
    "@aws-sdk/middleware-serde" "1.0.0-rc.7"
    "@aws-sdk/middleware-signing" "1.0.0-rc.7"
    "@aws-sdk/middleware-ssec" "1.0.0-rc.7"
    "@aws-sdk/middleware-stack" "1.0.0-rc.7"
    "@aws-sdk/middleware-user-agent" "1.0.0-rc.7"
    "@aws-sdk/node-config-provider" "1.0.0-rc.7"
    "@aws-sdk/node-http-handler" "1.0.0-rc.7"
    "@aws-sdk/protocol-http" "1.0.0-rc.7"
    "@aws-sdk/smithy-client" "1.0.0-rc.7"
    "@aws-sdk/url-parser-browser" "1.0.0-rc.7"
    "@aws-sdk/url-parser-node" "1.0.0-rc.7"
    "@aws-sdk/util-base64-browser" "1.0.0-rc.3"
    "@aws-sdk/util-base64-node" "1.0.0-rc.3"
    "@aws-sdk/util-body-length-browser" "1.0.0-rc.3"
    "@aws-sdk/util-body-length-node" "1.0.0-rc.3"
    "@aws-sdk/util-user-agent-browser" "1.0.0-rc.7"
    "@aws-sdk/util-user-agent-node" "1.0.0-rc.7"
    "@aws-sdk/util-utf8-browser" "1.0.0-rc.3"
    "@aws-sdk/util-utf8-node" "1.0.0-rc.3"
    "@aws-sdk/xml-builder" "1.0.0-rc.3"
    fast-xml-parser "^3.16.0"
    tslib "^2.0.0"

"@aws-sdk/config-resolver@1.0.0-rc.7":
  version "1.0.0-rc.7"
  resolved "https://registry.yarnpkg.com/@aws-sdk/config-resolver/-/config-resolver-1.0.0-rc.7.tgz#58280a360c2759d212bde7876facafaeab23e1f5"
  integrity sha512-z/nmhIIDk0vZcjfJCK0fY+jUx7cMnjMSr0Tww0WGqPWmtN45AgFlLO7NbG7rm3FizCStu7QyfpGLSInfKAunZA==
  dependencies:
    "@aws-sdk/signature-v4" "1.0.0-rc.7"
    tslib "^1.8.0"

"@aws-sdk/credential-provider-env@1.0.0-rc.7":
  version "1.0.0-rc.7"
  resolved "https://registry.yarnpkg.com/@aws-sdk/credential-provider-env/-/credential-provider-env-1.0.0-rc.7.tgz#c490b0f34a47aba1ff706a64a97e74b63fca5d44"
  integrity sha512-aQ//9MrWGgycrE0b9HDy3UNh6zGMzElYLcctpSE8P0ZVaIQOYgf8A4SyFEjTIX2x3v9AvXieexbLRol9HxLcQw==
  dependencies:
    "@aws-sdk/property-provider" "1.0.0-rc.7"
    tslib "^1.8.0"

"@aws-sdk/credential-provider-imds@1.0.0-rc.7":
  version "1.0.0-rc.7"
  resolved "https://registry.yarnpkg.com/@aws-sdk/credential-provider-imds/-/credential-provider-imds-1.0.0-rc.7.tgz#5f2f6423dd6a64eb99e4d0fa2dc6cdc6814d85fb"
  integrity sha512-kNrC6dTMXWeMJtEg/WurBGJJbKnuz+JAyrk2HP6SzXZWOFOxOrRtOiXKUUFROam6CF5LDj2bCZZrbas7NXlycQ==
  dependencies:
    "@aws-sdk/property-provider" "1.0.0-rc.7"
    tslib "^1.8.0"

"@aws-sdk/credential-provider-ini@1.0.0-rc.7":
  version "1.0.0-rc.7"
  resolved "https://registry.yarnpkg.com/@aws-sdk/credential-provider-ini/-/credential-provider-ini-1.0.0-rc.7.tgz#38113bcf4f1590565b3383036e678ca186c67ce3"
  integrity sha512-ZEgsH/YLmoAnzAKQB5iUb9aX/u+gITNzKzh7JfNHGsEIPnCHme3udoxJHcPVVnKwNLQ1KjT6gnKVqhL2wWE9TA==
  dependencies:
    "@aws-sdk/property-provider" "1.0.0-rc.7"
    "@aws-sdk/shared-ini-file-loader" "1.0.0-rc.3"
    tslib "^1.8.0"

"@aws-sdk/credential-provider-node@1.0.0-rc.7":
  version "1.0.0-rc.7"
  resolved "https://registry.yarnpkg.com/@aws-sdk/credential-provider-node/-/credential-provider-node-1.0.0-rc.7.tgz#ba4a9839d649bc25e50d18391c4f477a62191fc9"
  integrity sha512-UJigmH1sdJeOJUA0QaKpcTyNbiT6DBdQflbu+pefQ1X+QGwOlBVtHtVH8KAWMBNCIOLMK4SCP39qu6oUO0dLng==
  dependencies:
    "@aws-sdk/credential-provider-env" "1.0.0-rc.7"
    "@aws-sdk/credential-provider-imds" "1.0.0-rc.7"
    "@aws-sdk/credential-provider-ini" "1.0.0-rc.7"
    "@aws-sdk/credential-provider-process" "1.0.0-rc.7"
    "@aws-sdk/property-provider" "1.0.0-rc.7"
    tslib "^1.8.0"

"@aws-sdk/credential-provider-process@1.0.0-rc.7":
  version "1.0.0-rc.7"
  resolved "https://registry.yarnpkg.com/@aws-sdk/credential-provider-process/-/credential-provider-process-1.0.0-rc.7.tgz#597dab9a4d7003366f6c1067d0ed8bfa1ac4dee7"
  integrity sha512-SiMIVztAuRo/jMmrmk4nRqBBVzys77g/Ih+xhZukeTm735e09T80f1785wtRt7tLZhXBcy/L78Mb7pX7qD42WA==
  dependencies:
    "@aws-sdk/credential-provider-ini" "1.0.0-rc.7"
    "@aws-sdk/property-provider" "1.0.0-rc.7"
    "@aws-sdk/shared-ini-file-loader" "1.0.0-rc.3"
    tslib "^1.8.0"

"@aws-sdk/eventstream-marshaller@1.0.0-rc.7":
  version "1.0.0-rc.7"
  resolved "https://registry.yarnpkg.com/@aws-sdk/eventstream-marshaller/-/eventstream-marshaller-1.0.0-rc.7.tgz#d43d0ce032f2f266dd11c93d3104926189278ce4"
  integrity sha512-AqP4H0QcGbzydUe+cglQ2VcjSrVkuV2if3Z+A/PWr9DMaWZt3qXkZ32MJrCwdWQHeWE3G3D/VadkGC220zzX/w==
  dependencies:
    "@aws-crypto/crc32" "^1.0.0"
    "@aws-sdk/util-hex-encoding" "1.0.0-rc.3"
    tslib "^1.8.0"

"@aws-sdk/eventstream-serde-browser@1.0.0-rc.7":
  version "1.0.0-rc.7"
  resolved "https://registry.yarnpkg.com/@aws-sdk/eventstream-serde-browser/-/eventstream-serde-browser-1.0.0-rc.7.tgz#e6f60cbe5dd1c9d033289f370a1fc4e335065d7f"
  integrity sha512-VTZaqbqg0U/+xMzfVP5geuh1plGkiu37Ebpfp6Q9S66o4O8k+krPRzGQa0kD4qDzjPVOaSSwvQPngDz3ReIn4Q==
  dependencies:
    "@aws-sdk/eventstream-marshaller" "1.0.0-rc.7"
    "@aws-sdk/eventstream-serde-universal" "1.0.0-rc.7"
    tslib "^1.8.0"

"@aws-sdk/eventstream-serde-config-resolver@1.0.0-rc.7":
  version "1.0.0-rc.7"
  resolved "https://registry.yarnpkg.com/@aws-sdk/eventstream-serde-config-resolver/-/eventstream-serde-config-resolver-1.0.0-rc.7.tgz#571b233e33bc65197492f2e190d5ea1243a1a411"
  integrity sha512-BkGbnysT/iw7kPInKJxFV2QICV5zH7bNFbxQ2O5Fjjl5+1Jqd79JWdW3W7kUucdoIFmDQUvi6Z1GMUz8v5jZng==
  dependencies:
    tslib "^1.8.0"

"@aws-sdk/eventstream-serde-node@1.0.0-rc.7":
  version "1.0.0-rc.7"
  resolved "https://registry.yarnpkg.com/@aws-sdk/eventstream-serde-node/-/eventstream-serde-node-1.0.0-rc.7.tgz#99a4e4358f2ba300edcf957e7cc2411b697fc248"
  integrity sha512-yzjpwJlTKeSZU7a6jYAaC5rfAvgeKyxY3bXXTIM2cmvr8yxfzgZMXRaJjyOLF1OVDN96LpxUJi2NCXqt1wL7xA==
  dependencies:
    "@aws-sdk/eventstream-marshaller" "1.0.0-rc.7"
    "@aws-sdk/eventstream-serde-universal" "1.0.0-rc.7"
    tslib "^1.8.0"

"@aws-sdk/eventstream-serde-universal@1.0.0-rc.7":
  version "1.0.0-rc.7"
  resolved "https://registry.yarnpkg.com/@aws-sdk/eventstream-serde-universal/-/eventstream-serde-universal-1.0.0-rc.7.tgz#764390c8a4371db265573635d72214ded3dbfbd1"
  integrity sha512-6vvWp4YW+l2Q+0vy+3GKea1aNe1EeC9RFpPsPvA5RXewkh1GPbicShhJEK9ccPN9uj6Nk9DutApuO1MxpFh0Vw==
  dependencies:
    "@aws-sdk/eventstream-marshaller" "1.0.0-rc.7"
    tslib "^1.8.0"

"@aws-sdk/fetch-http-handler@1.0.0-rc.7":
  version "1.0.0-rc.7"
  resolved "https://registry.yarnpkg.com/@aws-sdk/fetch-http-handler/-/fetch-http-handler-1.0.0-rc.7.tgz#7689562dc481f2f0162e47e27208f37cc6d6decf"
  integrity sha512-x292nPBI9r/l9vTF2rTGtnc5bqO1JdQlzPr2qXcFxHi1TCQm64nfTL21ryHVKx51PmDQG9kVsAHeaMX9sERu0A==
  dependencies:
    "@aws-sdk/protocol-http" "1.0.0-rc.7"
    "@aws-sdk/querystring-builder" "1.0.0-rc.7"
    "@aws-sdk/util-base64-browser" "1.0.0-rc.3"
    tslib "^1.8.0"

"@aws-sdk/hash-blob-browser@1.0.0-rc.7":
  version "1.0.0-rc.7"
  resolved "https://registry.yarnpkg.com/@aws-sdk/hash-blob-browser/-/hash-blob-browser-1.0.0-rc.7.tgz#23f278088a915f4d283fc20cc91680a6cf511624"
  integrity sha512-EcSGPnq9IRApL8QmAnP10PGw8CwsRf/S04wmvGVhF5VrHNTqz556LqSqgUgcGxBWf3GaQqCkvklMri9is+6Avw==
  dependencies:
    "@aws-sdk/chunked-blob-reader" "1.0.0-rc.3"
    "@aws-sdk/chunked-blob-reader-native" "1.0.0-rc.3"
    tslib "^1.8.0"

"@aws-sdk/hash-node@1.0.0-rc.7":
  version "1.0.0-rc.7"
  resolved "https://registry.yarnpkg.com/@aws-sdk/hash-node/-/hash-node-1.0.0-rc.7.tgz#48764868170e06e203fc28cdca63123a65a53ec7"
  integrity sha512-HXOwmjtHA+QI8hWG+aqxa6ZY+Xo6LV06rShenV8eEirCb5q/AjAmZVUWlmWw/cvoGvn998FUPn4zoqQnMh0jOg==
  dependencies:
    "@aws-sdk/util-buffer-from" "1.0.0-rc.3"
    tslib "^1.8.0"

"@aws-sdk/hash-stream-node@1.0.0-rc.7":
  version "1.0.0-rc.7"
  resolved "https://registry.yarnpkg.com/@aws-sdk/hash-stream-node/-/hash-stream-node-1.0.0-rc.7.tgz#663fa6923e144b6a624419e1441a5864e8d5ad46"
  integrity sha512-vwhEo/+S5CFIYTunh/+Vxa47UTxks32zpu5X8NvgZs3XloU+J1FQmHIw5uRPa4aOdjq77ZaetRQwY8jexesatg==
  dependencies:
    tslib "^1.8.0"

"@aws-sdk/invalid-dependency@1.0.0-rc.3":
  version "1.0.0-rc.3"
  resolved "https://registry.yarnpkg.com/@aws-sdk/invalid-dependency/-/invalid-dependency-1.0.0-rc.3.tgz#857a44dcb666ec3be55ccde6f2912eff7dfddcad"
  integrity sha512-Fl71S5Igd5Mi81QklxhhEWzwKbm+QP1kUYoc5nVK2sE+iLqdF9jwg7/ONBN8jISjTD8GPIW7NWL2SQNINNryMw==
  dependencies:
    tslib "^1.8.0"

"@aws-sdk/is-array-buffer@1.0.0-rc.3":
  version "1.0.0-rc.3"
  resolved "https://registry.yarnpkg.com/@aws-sdk/is-array-buffer/-/is-array-buffer-1.0.0-rc.3.tgz#47e47b7e5eb7e0ac9e7fa24f56a78550fbae63bc"
  integrity sha512-tHFTBiXAgBZmAKaJIL2e2QPR9kA1tZTUJMqKaybWjhXckvb29EgUOLcdK+W2kMSqKIGqEINbAaV7S11ydBtYIg==
  dependencies:
    tslib "^1.8.0"

"@aws-sdk/md5-js@1.0.0-rc.7":
  version "1.0.0-rc.7"
  resolved "https://registry.yarnpkg.com/@aws-sdk/md5-js/-/md5-js-1.0.0-rc.7.tgz#cba5cd8ff67383d2a6bf19756d72cc6a8bcd3a39"
  integrity sha512-DC0UDYL7Pa0hLpCxsixoExhpPe17rLU62pSaic9hYWfKsxnjhVJyMphfOlqTEQb26R8xTr56NFKH7Y76Tmx9yg==
  dependencies:
    "@aws-sdk/util-utf8-browser" "1.0.0-rc.3"
    tslib "^1.8.0"

"@aws-sdk/middleware-apply-body-checksum@1.0.0-rc.7":
  version "1.0.0-rc.7"
  resolved "https://registry.yarnpkg.com/@aws-sdk/middleware-apply-body-checksum/-/middleware-apply-body-checksum-1.0.0-rc.7.tgz#2c359a01d3cda3dacdff0f0c6671ef4623138ba7"
  integrity sha512-RHdCaVCIZF7HMAxWBqSYLRqBkKQ7iiur+Fzs1yuAN6z+PqXl6SNf2zSQVn1hEI0wXBog84MkntzV3HbaLwk/jw==
  dependencies:
    "@aws-sdk/is-array-buffer" "1.0.0-rc.3"
    "@aws-sdk/protocol-http" "1.0.0-rc.7"
    tslib "^1.8.0"

"@aws-sdk/middleware-bucket-endpoint@1.0.0-rc.7":
  version "1.0.0-rc.7"
  resolved "https://registry.yarnpkg.com/@aws-sdk/middleware-bucket-endpoint/-/middleware-bucket-endpoint-1.0.0-rc.7.tgz#99b66d15cf542c7eeff24837f92390b822485fd8"
  integrity sha512-lKAEloK3/wW+g0CD+cAlk1DW46LISChUkfPdTM7vX30st/diywDA53+SjcRr+dWVKq+VH/IqCZniwmPW5kfRDA==
  dependencies:
    "@aws-sdk/protocol-http" "1.0.0-rc.7"
    "@aws-sdk/util-arn-parser" "1.0.0-rc.3"
    tslib "^1.8.0"

"@aws-sdk/middleware-content-length@1.0.0-rc.7":
  version "1.0.0-rc.7"
  resolved "https://registry.yarnpkg.com/@aws-sdk/middleware-content-length/-/middleware-content-length-1.0.0-rc.7.tgz#82176dbafffd66827fa0f9b5a96225f6f2135b36"
  integrity sha512-WJ1VYf0n9JOIfdq1BtRtRlT94O7A+LjVwYn9kEzcBZjzWg9O7nPI6DdssktDyHAzBl/9YKu4FZwiTc1eiwRnqg==
  dependencies:
    "@aws-sdk/protocol-http" "1.0.0-rc.7"
    tslib "^1.8.0"

"@aws-sdk/middleware-expect-continue@1.0.0-rc.7":
  version "1.0.0-rc.7"
  resolved "https://registry.yarnpkg.com/@aws-sdk/middleware-expect-continue/-/middleware-expect-continue-1.0.0-rc.7.tgz#a52cb7c9e6c935a4f9a784fad3c3c44b07829f07"
  integrity sha512-HNiNGShDKZzagp5uXm3Psqxq0jQ+8QTln2CIVmYmuct7EqIjLoyWFOf9Nv+ONcG6jVcx4Bfx12Xm70rDoQI/GA==
  dependencies:
    "@aws-sdk/middleware-header-default" "1.0.0-rc.7"
    "@aws-sdk/protocol-http" "1.0.0-rc.7"
    tslib "^1.8.0"

"@aws-sdk/middleware-header-default@1.0.0-rc.7":
  version "1.0.0-rc.7"
  resolved "https://registry.yarnpkg.com/@aws-sdk/middleware-header-default/-/middleware-header-default-1.0.0-rc.7.tgz#bab2ba4b432a1f88630036f1c2f9655ee5bdf173"
  integrity sha512-SinXZXIX1VyXW93LkL46xCN+7/jkqPSIw8erVTszDaCm0ewlBa/NYu0CHQnFh2ZOd4scEAftMYqe4I3ie6MNHw==
  dependencies:
    "@aws-sdk/protocol-http" "1.0.0-rc.7"
    tslib "^1.8.0"

"@aws-sdk/middleware-host-header@1.0.0-rc.7":
  version "1.0.0-rc.7"
  resolved "https://registry.yarnpkg.com/@aws-sdk/middleware-host-header/-/middleware-host-header-1.0.0-rc.7.tgz#adecd35f4b01f2956d8e62c7bf34f3d4bdecc16f"
  integrity sha512-bsUZe/plCq0uDVmC7nT9eCoiAQQMzHCWAr5hPD7Y6gcjKytlAzSucWf3CcreeH2HsvNXhlRYXofOT7wrfphUuA==
  dependencies:
    "@aws-sdk/protocol-http" "1.0.0-rc.7"
    tslib "^1.8.0"

"@aws-sdk/middleware-location-constraint@1.0.0-rc.7":
  version "1.0.0-rc.7"
  resolved "https://registry.yarnpkg.com/@aws-sdk/middleware-location-constraint/-/middleware-location-constraint-1.0.0-rc.7.tgz#4ba672af167d59f9fa18d6635989df391e501ba3"
  integrity sha512-OMmkO7717ktSz9a5JaOlu0gEm1fkja/OLgYSUGC/IUmS6BzufvKsmr9mCxQ8tDrovvzlTdUM80GO23bR0h4cPw==
  dependencies:
    tslib "^1.8.0"

"@aws-sdk/middleware-logger@1.0.0-rc.7":
  version "1.0.0-rc.7"
  resolved "https://registry.yarnpkg.com/@aws-sdk/middleware-logger/-/middleware-logger-1.0.0-rc.7.tgz#0f9000e376d22df2c12ed4ee8ce6f7d02b618f73"
  integrity sha512-JbtQgluCQ6oO2CrsPmtCzKuySQgDlewAmS5JCuwikw4Evkn0h+dA+eolM/9Ue4WeuKJt2TU5orO9zC63ALyerQ==
  dependencies:
    tslib "^1.8.0"

"@aws-sdk/middleware-retry@1.0.0-rc.7":
  version "1.0.0-rc.7"
  resolved "https://registry.yarnpkg.com/@aws-sdk/middleware-retry/-/middleware-retry-1.0.0-rc.7.tgz#d9275b26c49f6f5909b2bd8ffa97abb90b002981"
  integrity sha512-zbPObCm+H4AhRpZZCQA82RRH24bYdZbylGsF1YJ+v/637JuRkOqSboRxJiC4pJdt8j7Yqx0a8SUvZK5P6+Aosg==
  dependencies:
    "@aws-sdk/protocol-http" "1.0.0-rc.7"
    "@aws-sdk/service-error-classification" "1.0.0-rc.7"
    react-native-get-random-values "^1.4.0"
    tslib "^1.8.0"
    uuid "^3.0.0"

"@aws-sdk/middleware-sdk-s3@1.0.0-rc.7":
  version "1.0.0-rc.7"
  resolved "https://registry.yarnpkg.com/@aws-sdk/middleware-sdk-s3/-/middleware-sdk-s3-1.0.0-rc.7.tgz#3d4daad5a993a36fd58eb4387c53a8d2775d6065"
  integrity sha512-YehyAMH53yrh4alS+4RPD5XfxKuZwMcfQMutlx+QwtFj5YSyGKpzHNM9LgGUnXBSN+2BGmNCm5cR77wBA0sC6A==
  dependencies:
    "@aws-sdk/protocol-http" "1.0.0-rc.7"
    "@aws-sdk/util-arn-parser" "1.0.0-rc.3"
    tslib "^1.8.0"

"@aws-sdk/middleware-serde@1.0.0-rc.7":
  version "1.0.0-rc.7"
  resolved "https://registry.yarnpkg.com/@aws-sdk/middleware-serde/-/middleware-serde-1.0.0-rc.7.tgz#c661091fde050cd7516ba7b5cb1e2f6f42c4bf87"
  integrity sha512-m8+7DbG4LlKUMBOO4FZWApyVyNLmYtWFX7I4N++nkQspUb4+XSMn86hjYLl8MtLO3qyc1WyZp+r25JH0cpQLqw==
  dependencies:
    tslib "^1.8.0"

"@aws-sdk/middleware-signing@1.0.0-rc.7":
  version "1.0.0-rc.7"
  resolved "https://registry.yarnpkg.com/@aws-sdk/middleware-signing/-/middleware-signing-1.0.0-rc.7.tgz#6872728e69977a4749cd87bd161ac99d193d8c97"
  integrity sha512-6m6p2+rdj9P0C9wBSmnoZvs0zguKoJfsy4vGYtNTkhnPU4xIVrYhq0A07YT7SfiJUwp/CrRjKO3B5ItCDUomyg==
  dependencies:
    "@aws-sdk/protocol-http" "1.0.0-rc.7"
    "@aws-sdk/signature-v4" "1.0.0-rc.7"
    tslib "^1.8.0"

"@aws-sdk/middleware-ssec@1.0.0-rc.7":
  version "1.0.0-rc.7"
  resolved "https://registry.yarnpkg.com/@aws-sdk/middleware-ssec/-/middleware-ssec-1.0.0-rc.7.tgz#54c763f62ad75275be1bf110cf8aff9b22d75bb4"
  integrity sha512-hZWvxIrlehXTuzlhHLE6KEj7L3sV+eDtYfvCH8AfB58CR/o/BlHCFiygwRYTageb86yGp5/0M5IFAb+ENbUjqw==
  dependencies:
    tslib "^1.8.0"

"@aws-sdk/middleware-stack@1.0.0-rc.7":
  version "1.0.0-rc.7"
  resolved "https://registry.yarnpkg.com/@aws-sdk/middleware-stack/-/middleware-stack-1.0.0-rc.7.tgz#ff6032017d3150089d8a6f541185ca98489c25bf"
  integrity sha512-7BlfBt3DMeFk080dBZvWaWC/tkbo+MfoHZGYvs4AraABdN+v97gwrifsOi4l63WUx30o/+MSfPlN4g9D6a1JFw==
  dependencies:
    tslib "^1.8.0"

"@aws-sdk/middleware-user-agent@1.0.0-rc.7":
  version "1.0.0-rc.7"
  resolved "https://registry.yarnpkg.com/@aws-sdk/middleware-user-agent/-/middleware-user-agent-1.0.0-rc.7.tgz#0ff67b3e2d3217d1d159d9b98351885a56c5e7ef"
  integrity sha512-2KcZj6sTehcPLB3QnnaZkysPv66xrrBi4ioXGpc9P7aDGvZzOHx9WSPKWCnxN31EDVKDTDlOs0DbwjnyoguKdg==
  dependencies:
    "@aws-sdk/protocol-http" "1.0.0-rc.7"
    tslib "^1.8.0"

"@aws-sdk/node-config-provider@1.0.0-rc.7":
  version "1.0.0-rc.7"
  resolved "https://registry.yarnpkg.com/@aws-sdk/node-config-provider/-/node-config-provider-1.0.0-rc.7.tgz#0403989f6b009df13ef443c1e490c7501aff3501"
  integrity sha512-uZ5kcAYUdnVTJcY8nqr8NRXLl3no7J/10DEKk9rD4DNmAyZ79f0sQVoz4G1xb5uu9sJtsDDNvm81ng+J7TDyZA==
  dependencies:
    "@aws-sdk/property-provider" "1.0.0-rc.7"
    "@aws-sdk/shared-ini-file-loader" "1.0.0-rc.3"
    tslib "^1.8.0"

"@aws-sdk/node-http-handler@1.0.0-rc.7":
  version "1.0.0-rc.7"
  resolved "https://registry.yarnpkg.com/@aws-sdk/node-http-handler/-/node-http-handler-1.0.0-rc.7.tgz#d1d1519569aae0ec3d9ca98be575ae99f40bacdd"
  integrity sha512-JYAiKA6t6CLGTbdvVHC0dgcRMR8l4tLUU3zwZIqRHE48IV63o5cqjivpYZFeO10LvWq1XcMyrLHZ04zQFTg/0w==
  dependencies:
    "@aws-sdk/abort-controller" "1.0.0-rc.7"
    "@aws-sdk/protocol-http" "1.0.0-rc.7"
    "@aws-sdk/querystring-builder" "1.0.0-rc.7"
    tslib "^1.8.0"

"@aws-sdk/property-provider@1.0.0-rc.7":
  version "1.0.0-rc.7"
  resolved "https://registry.yarnpkg.com/@aws-sdk/property-provider/-/property-provider-1.0.0-rc.7.tgz#9bc2ec262ea203cf96ad3fcc5f530eb1b797cfb0"
  integrity sha512-ImK9OjbyNUw+0wZKkjaA5/v0tqoRaPD/EEBPn2BJevdmd/jQGNwfpJz4pa2ucez9VQrA+N//6O25fyn+48iZEQ==
  dependencies:
    tslib "^1.8.0"

"@aws-sdk/protocol-http@1.0.0-rc.7":
  version "1.0.0-rc.7"
  resolved "https://registry.yarnpkg.com/@aws-sdk/protocol-http/-/protocol-http-1.0.0-rc.7.tgz#efb97d299099f7ce3812941f4c837820902b9a8b"
  integrity sha512-vE4ZdH02ISwF5n6dwKVkTqqiohVeaKNpiHVQG69/LKFwhsMHragEgk5TwJEkTPjMSPW/YGeu9eC7DZD+434Rzw==
  dependencies:
    tslib "^1.8.0"

"@aws-sdk/querystring-builder@1.0.0-rc.7":
  version "1.0.0-rc.7"
  resolved "https://registry.yarnpkg.com/@aws-sdk/querystring-builder/-/querystring-builder-1.0.0-rc.7.tgz#87edb9daccc9b910bbdeb2a2bd38ed43c4bdcc78"
  integrity sha512-FCoZ/9G8DeeESG3oMy5ZYeSgPJ4Cg+M/EIvWkGvsh89jf7PVEf4MHBIqa6kxgmS40iYqOmwbb5PkE4WB3DRsFg==
  dependencies:
    "@aws-sdk/util-uri-escape" "1.0.0-rc.3"
    tslib "^1.8.0"

"@aws-sdk/querystring-parser@1.0.0-rc.7":
  version "1.0.0-rc.7"
  resolved "https://registry.yarnpkg.com/@aws-sdk/querystring-parser/-/querystring-parser-1.0.0-rc.7.tgz#2654136fe08f3ed4edec0938ab64aa5377eaf38b"
  integrity sha512-XPSEFwAGb/EluIUhwH0SRSHm+NLMG7f0eMCI49QmKI8ClWHMqEfdO/OJDjyudR/i+f+MdHAluN03ErgaFRN2vA==
  dependencies:
    tslib "^1.8.0"

"@aws-sdk/service-error-classification@1.0.0-rc.7":
  version "1.0.0-rc.7"
  resolved "https://registry.yarnpkg.com/@aws-sdk/service-error-classification/-/service-error-classification-1.0.0-rc.7.tgz#0c7ffb6ae558d63efe2abd309df0b642c6031f38"
  integrity sha512-bN7RrozqBTD6rhQddYyPw0JsyNFHyzw5IlH2oW8AUhjbtpV2iskYuHLff9af47c3qW5CzC1GUkWmI0THYx6sYw==

"@aws-sdk/shared-ini-file-loader@1.0.0-rc.3":
  version "1.0.0-rc.3"
  resolved "https://registry.yarnpkg.com/@aws-sdk/shared-ini-file-loader/-/shared-ini-file-loader-1.0.0-rc.3.tgz#05aa96572d78f0c4c5edcc7f42ed14076d1b16ea"
  integrity sha512-wynHRRZENIZUS714NX9cu9BDbxAL7DzOJvPYAj2tgC3bJNt0jkbQxNTePpolwWx7QNwFfQgDbK76LPkIo30dJQ==
  dependencies:
    tslib "^1.8.0"

"@aws-sdk/signature-v4@1.0.0-rc.7":
  version "1.0.0-rc.7"
  resolved "https://registry.yarnpkg.com/@aws-sdk/signature-v4/-/signature-v4-1.0.0-rc.7.tgz#11d34b817ee2c740c1f7704b7866e8a13110f04e"
  integrity sha512-s3ysTZdjIc4sZKpiPdfCIXlo/WA5cULBW8vAVXUjwbYte+PA5gtCAJPgeoI2iG80gotuQq2vOBO0LPjulPWnLg==
  dependencies:
    "@aws-sdk/is-array-buffer" "1.0.0-rc.3"
    "@aws-sdk/util-hex-encoding" "1.0.0-rc.3"
    "@aws-sdk/util-uri-escape" "1.0.0-rc.3"
    tslib "^1.8.0"

"@aws-sdk/smithy-client@1.0.0-rc.7":
  version "1.0.0-rc.7"
  resolved "https://registry.yarnpkg.com/@aws-sdk/smithy-client/-/smithy-client-1.0.0-rc.7.tgz#e381bfa846ec598fd0cafbd7043c641518162cce"
  integrity sha512-ivVbtTDpXjQqQm58v8BSLaCqXtP3aUP7HEVACJaiVHfcZFgkhO/c8B8QDVFJs8oIgAld2QfIoeBTlWrqcsCl8Q==
  dependencies:
    "@aws-sdk/middleware-stack" "1.0.0-rc.7"
    tslib "^1.8.0"

"@aws-sdk/types@^1.0.0-rc.1":
  version "1.0.0-rc.7"
  resolved "https://registry.yarnpkg.com/@aws-sdk/types/-/types-1.0.0-rc.7.tgz#3f275bf13d545eb90e82518aa07ccf3a46700940"
  integrity sha512-eXuJJ0RuQzGN5lCHZYoso3T3xMxbEtVKvRJVDi3IP5SpTUnDCRMYhBCBgxzEaBa9Pe7poDqSmTAoWlZsFQx4Tg==

"@aws-sdk/url-parser-browser@1.0.0-rc.7":
  version "1.0.0-rc.7"
  resolved "https://registry.yarnpkg.com/@aws-sdk/url-parser-browser/-/url-parser-browser-1.0.0-rc.7.tgz#8bfd31897f8aaa7f6b7c997d1739386c090cbf5e"
  integrity sha512-IdNKzrPyynpdu+SYjcL3Ws4a8/wljFr+VwYIIeYYOwxilS7m9DTs8jfDbAZ4DQWKZIe9CkG8fVrlsUPzBIDW/A==
  dependencies:
    "@aws-sdk/querystring-parser" "1.0.0-rc.7"
    tslib "^1.8.0"

"@aws-sdk/url-parser-node@1.0.0-rc.7":
  version "1.0.0-rc.7"
  resolved "https://registry.yarnpkg.com/@aws-sdk/url-parser-node/-/url-parser-node-1.0.0-rc.7.tgz#eaa6d1a3d8ce880f112858debb35f6d78afacb7b"
  integrity sha512-DsnwTLIy7z79WzXIdRNRXj3VqOiMIG4L/30+p6HtEyvObCwFlgmklGVCYIhMR2QGQYIcKU4Hxq98kvH72+FdPg==
  dependencies:
    "@aws-sdk/querystring-parser" "1.0.0-rc.7"
    tslib "^1.8.0"
    url "^0.11.0"

"@aws-sdk/util-arn-parser@1.0.0-rc.3":
  version "1.0.0-rc.3"
  resolved "https://registry.yarnpkg.com/@aws-sdk/util-arn-parser/-/util-arn-parser-1.0.0-rc.3.tgz#738e945d2dfd009d78c4c07e3773d41c1c525262"
  integrity sha512-mIXiyBYDAQa9EdaKKU4oQsWAvSWVXAumCH89N5VQfrlRCuaqRUdmE83CJx69wcLFbrZCZmCJD2gcPVG5Ywa+NQ==
  dependencies:
    tslib "^1.8.0"

"@aws-sdk/util-base64-browser@1.0.0-rc.3":
  version "1.0.0-rc.3"
  resolved "https://registry.yarnpkg.com/@aws-sdk/util-base64-browser/-/util-base64-browser-1.0.0-rc.3.tgz#49cb2a1c9f177327b66eb2a150e643334dd3ce0d"
  integrity sha512-peqOSoOCTGlZVX9gC+4SxaSXQqSsjzNfKxKLZwcP/HhHIPU/I+tbnRbH4a2Cx29DsopTngu0GKLuPJEL67bvog==
  dependencies:
    tslib "^1.8.0"

"@aws-sdk/util-base64-node@1.0.0-rc.3":
  version "1.0.0-rc.3"
  resolved "https://registry.yarnpkg.com/@aws-sdk/util-base64-node/-/util-base64-node-1.0.0-rc.3.tgz#ef68e130e7b42b673f93af4a68b46c1542702e64"
  integrity sha512-gz/JScFQ9MMdI59VdJTbgZrnNdTPXOJKesMwoEMH8nMb6/Wi3+KL2NH/GC92hxhuE/JbA1vdrelvCFOED8E1Jg==
  dependencies:
    "@aws-sdk/util-buffer-from" "1.0.0-rc.3"
    tslib "^1.8.0"

"@aws-sdk/util-body-length-browser@1.0.0-rc.3":
  version "1.0.0-rc.3"
  resolved "https://registry.yarnpkg.com/@aws-sdk/util-body-length-browser/-/util-body-length-browser-1.0.0-rc.3.tgz#f3052599445e06081002788693ada1fb99ea4a51"
  integrity sha512-xvMrCo+5DshN4Fu3zar2RxaqPJ/QRAEOChyWEGUqjE+9/cow+uWsqBX3FdeY84mV6dkdcAJLQvP8aVH+v+w+lw==
  dependencies:
    tslib "^1.8.0"

"@aws-sdk/util-body-length-node@1.0.0-rc.3":
  version "1.0.0-rc.3"
  resolved "https://registry.yarnpkg.com/@aws-sdk/util-body-length-node/-/util-body-length-node-1.0.0-rc.3.tgz#e7068c9feff896a3720f71eab5ca44c76e587764"
  integrity sha512-q7n3IP5s9TIMao9sK4an+xxBubHqWXoeqCQ5haeDmqQTBiZQYcyQQq61YJRghj2/53SH5MMS1ACncw3kvnO92g==
  dependencies:
    tslib "^1.8.0"

"@aws-sdk/util-buffer-from@1.0.0-rc.3":
  version "1.0.0-rc.3"
  resolved "https://registry.yarnpkg.com/@aws-sdk/util-buffer-from/-/util-buffer-from-1.0.0-rc.3.tgz#6a18955cb422b5649c9675d64bc2defa6e1175ac"
  integrity sha512-43FzXSA3356C/QRCKZSmGTVwH4BgObNJDvF4z5dwwrfqU+tXjnUdnFo5hLsHq+fwjtWuXLkAyi+vz07x3MphvA==
  dependencies:
    "@aws-sdk/is-array-buffer" "1.0.0-rc.3"
    tslib "^1.8.0"

"@aws-sdk/util-hex-encoding@1.0.0-rc.3":
  version "1.0.0-rc.3"
  resolved "https://registry.yarnpkg.com/@aws-sdk/util-hex-encoding/-/util-hex-encoding-1.0.0-rc.3.tgz#4229f2495f3a5ef32c8c7ada7ab14bd6f983d269"
  integrity sha512-GXHBBGdAH2HPn18RFMsvXAvBtO8pG0I2PlGHfKhn+ym+UT1lHHYpCd3/PawUVUYnFZrqIj+j48IjFFJ3XMPXyQ==
  dependencies:
    tslib "^1.8.0"

"@aws-sdk/util-locate-window@^1.0.0-rc.1":
  version "1.0.0-rc.3"
  resolved "https://registry.yarnpkg.com/@aws-sdk/util-locate-window/-/util-locate-window-1.0.0-rc.3.tgz#0b0442cf620aa677a05c57fe58238a52181dbb9a"
  integrity sha512-ioJ+/wneV6Q0ulOz7SLzacISHAMTwSGzhxBiuD/OMtiyoErZch2oc5h+PNh5Vc5jLV33R1jW01jz1pP1SVY+jQ==
  dependencies:
    tslib "^1.8.0"

"@aws-sdk/util-uri-escape@1.0.0-rc.3":
  version "1.0.0-rc.3"
  resolved "https://registry.yarnpkg.com/@aws-sdk/util-uri-escape/-/util-uri-escape-1.0.0-rc.3.tgz#53b7ba5c353cef31f0d1f10c06d8dfc2118a3371"
  integrity sha512-PW1Uh5nJ32VKysV6DxyO40gONJR8s0QFeS55apyPUeCYCrdEjwsNvftDWbRJIcVpvkRSrbDezWc5CJC0S8WXjQ==
  dependencies:
    tslib "^1.8.0"

"@aws-sdk/util-user-agent-browser@1.0.0-rc.7":
  version "1.0.0-rc.7"
  resolved "https://registry.yarnpkg.com/@aws-sdk/util-user-agent-browser/-/util-user-agent-browser-1.0.0-rc.7.tgz#44a66008b8363a70360b4ab11f8ef540554ce328"
  integrity sha512-18HNkeWXXtaIAM8/8qSqG/qYozcjXJ1wy7PIvMnOfMrYGdDExsZ8289/fYcVH0SnMF5rzFWrN1csSuJ/h2K/YQ==
  dependencies:
    tslib "^1.8.0"

"@aws-sdk/util-user-agent-node@1.0.0-rc.7":
  version "1.0.0-rc.7"
  resolved "https://registry.yarnpkg.com/@aws-sdk/util-user-agent-node/-/util-user-agent-node-1.0.0-rc.7.tgz#862e33c7841c7b8ca0d2d5baf2c5bcce9e677fa7"
  integrity sha512-ngMKDbnAemSO6vIh9dYg3JBhe15zHSQgeqdF924pHe8M+2CgYaG0q7/saPKVK/9U2CuG8FvPUE+xbcwh+QvEKA==
  dependencies:
    tslib "^1.8.0"

"@aws-sdk/util-utf8-browser@1.0.0-rc.3", "@aws-sdk/util-utf8-browser@^1.0.0-rc.1":
  version "1.0.0-rc.3"
  resolved "https://registry.yarnpkg.com/@aws-sdk/util-utf8-browser/-/util-utf8-browser-1.0.0-rc.3.tgz#ca2f1ee3c3774203675455e6cf6a52256d40849d"
  integrity sha512-ypEJ2zsfm844dPSnES5lvS80Jb6hQ7D9iu0TUKQfIVu0LernJaAiSM05UEbktN+bEAoQBi9S64l8JjHVKFWu1Q==
  dependencies:
    tslib "^1.8.0"

"@aws-sdk/util-utf8-node@1.0.0-rc.3":
  version "1.0.0-rc.3"
  resolved "https://registry.yarnpkg.com/@aws-sdk/util-utf8-node/-/util-utf8-node-1.0.0-rc.3.tgz#d6841823b949f4209fdcc405c5ad5d4b483e6e60"
  integrity sha512-80BWIgYzdw/cKxUrXf+7IKp07saLfCl7p4Q+zitcTrng9bSbPhjntXBS+dOFrBU2fBUynfI2K+9k5taJRKgOTQ==
  dependencies:
    "@aws-sdk/util-buffer-from" "1.0.0-rc.3"
    tslib "^1.8.0"

"@aws-sdk/xml-builder@1.0.0-rc.3":
  version "1.0.0-rc.3"
  resolved "https://registry.yarnpkg.com/@aws-sdk/xml-builder/-/xml-builder-1.0.0-rc.3.tgz#2b0b6b4c182b96245889f4c8e2004eef847401f4"
  integrity sha512-WdW/bZLVMNrEdG++m4B4QmZ6KnYsF3V68CDkZKg8IgDOMON4YOqUPBYDHNR8Wtdd1JQFLMDzrcqnXQqLb5dWgA==
  dependencies:
    tslib "^1.8.0"

"@balena/dockerignore@^1.0.2":
  version "1.0.2"
  resolved "https://registry.yarnpkg.com/@balena/dockerignore/-/dockerignore-1.0.2.tgz#9ffe4726915251e8eb69f44ef3547e0da2c03e0d"
  integrity sha512-wMue2Sy4GAVTk6Ic4tJVcnfdau+gx2EnG7S+uAEe+TWJFqE4YoWN4/H8MSLj4eYJKxGg26lZwboEniNiNwZQ6Q==

"@types/node@^14.14.10":
  version "14.14.10"
  resolved "https://registry.yarnpkg.com/@types/node/-/node-14.14.10.tgz#5958a82e41863cfc71f2307b3748e3491ba03785"
  integrity sha512-J32dgx2hw8vXrSbu4ZlVhn1Nm3GbeCFNw2FWL8S5QKucHGY0cyNwjdQdO+KMBZ4wpmC7KhLCiNsdk1RFRIYUQQ==

at-least-node@^1.0.0:
  version "1.0.0"
  resolved "https://registry.yarnpkg.com/at-least-node/-/at-least-node-1.0.0.tgz#602cd4b46e844ad4effc92a8011a3c46e0238dc2"
  integrity sha512-+q/t7Ekv1EDY2l6Gda6LLiX14rU9TV20Wa3ofeQmwPFZbOMo9DXrLbOjFaaclkXKWidIaopwAObQDqwWtGUjqg==

balanced-match@^1.0.0:
  version "1.0.0"
  resolved "https://registry.yarnpkg.com/balanced-match/-/balanced-match-1.0.0.tgz#89b4d199ab2bee49de164ea02b89ce462d71b767"
  integrity sha1-ibTRmasr7kneFk6gK4nORi1xt2c=

brace-expansion@^1.1.7:
  version "1.1.11"
  resolved "https://registry.yarnpkg.com/brace-expansion/-/brace-expansion-1.1.11.tgz#3c7fcbf529d87226f3d2f52b966ff5271eb441dd"
  integrity sha512-iCuPHDFgrHX7H2vEI/5xpz07zSHB00TpugqhmYtVmMO6518mCuRMoOYFldEBl0g187ufozdaHgWKcYFb61qGiA==
  dependencies:
    balanced-match "^1.0.0"
    concat-map "0.0.1"

concat-map@0.0.1:
  version "0.0.1"
  resolved "https://registry.yarnpkg.com/concat-map/-/concat-map-0.0.1.tgz#d8a96bd77fd68df7793a73036a3ba0d5405d477b"
  integrity sha1-2Klr13/Wjfd5OnMDajug1UBdR3s=

constructs@^3.2.0:
  version "3.2.46"
  resolved "https://registry.yarnpkg.com/constructs/-/constructs-3.2.46.tgz#94e50bc417f038fc1f570d0df1d789413ecf605d"
  integrity sha512-5vVcE57eepNxyNo6xaYZ9vHxCzBQ9WX/gAUmKr4C9p+ya+9S+MXh6qxuT8RISiOb4681EY7TvWIqVT10tZb41w==

fast-base64-decode@^1.0.0:
  version "1.0.0"
  resolved "https://registry.yarnpkg.com/fast-base64-decode/-/fast-base64-decode-1.0.0.tgz#b434a0dd7d92b12b43f26819300d2dafb83ee418"
  integrity sha512-qwaScUgUGBYeDNRnbc/KyllVU88Jk1pRHPStuF/lO7B0/RTRLj7U0lkdTAutlBblY08rwZDff6tNU9cjv6j//Q==

fast-xml-parser@^3.16.0:
  version "3.17.4"
  resolved "https://registry.yarnpkg.com/fast-xml-parser/-/fast-xml-parser-3.17.4.tgz#d668495fb3e4bbcf7970f3c24ac0019d82e76477"
  integrity sha512-qudnQuyYBgnvzf5Lj/yxMcf4L9NcVWihXJg7CiU1L+oUCq8MUnFEfH2/nXR/W5uq+yvUN1h7z6s7vs2v1WkL1A==

fs-extra@^9.0.1:
  version "9.0.1"
  resolved "https://registry.yarnpkg.com/fs-extra/-/fs-extra-9.0.1.tgz#910da0062437ba4c39fedd863f1675ccfefcb9fc"
  integrity sha512-h2iAoN838FqAFJY2/qVpzFXy+EBxfVE220PalAqQLDVsFOHLJrZvut5puAbCdNv6WJk+B8ihI+k0c7JK5erwqQ==
  dependencies:
    at-least-node "^1.0.0"
    graceful-fs "^4.2.0"
    jsonfile "^6.0.1"
    universalify "^1.0.0"

graceful-fs@^4.1.6, graceful-fs@^4.2.0:
  version "4.2.4"
  resolved "https://registry.yarnpkg.com/graceful-fs/-/graceful-fs-4.2.4.tgz#2256bde14d3632958c465ebc96dc467ca07a29fb"
  integrity sha512-WjKPNJF79dtJAVniUlGGWHYGz2jWxT6VhN/4m1NdkbZ2nOsEF+cI1Edgql5zCRhs/VsQYRvrXctxktVXZUkixw==

ignore@^5.1.8:
  version "5.1.8"
  resolved "https://registry.yarnpkg.com/ignore/-/ignore-5.1.8.tgz#f150a8b50a34289b33e22f5889abd4d8016f0e57"
  integrity sha512-BMpfD7PpiETpBl/A6S498BaIJ6Y/ABT93ETbby2fP00v4EbvPBXWEoaR1UBPKs3iR53pJY7EtZk5KACI57i1Uw==

jsonfile@^6.0.1:
  version "6.1.0"
  resolved "https://registry.yarnpkg.com/jsonfile/-/jsonfile-6.1.0.tgz#bc55b2634793c679ec6403094eb13698a6ec0aae"
  integrity sha512-5dgndWOriYSm5cnYaJNhalLNDKOqFwyDB/rr1E9ZsGciGvKPs8R2xYGCacuf3z6K1YKDz182fd+fY3cn3pMqXQ==
  dependencies:
    universalify "^2.0.0"
  optionalDependencies:
    graceful-fs "^4.1.6"

jsonschema@^1.4.0:
  version "1.4.0"
  resolved "https://registry.yarnpkg.com/jsonschema/-/jsonschema-1.4.0.tgz#1afa34c4bc22190d8e42271ec17ac8b3404f87b2"
  integrity sha512-/YgW6pRMr6M7C+4o8kS+B/2myEpHCrxO4PEWnqJNBFMjn7EWXqlQ4tGwL6xTHeRplwuZmcAncdvfOad1nT2yMw==

minimatch@^3.0.4:
  version "3.0.4"
  resolved "https://registry.yarnpkg.com/minimatch/-/minimatch-3.0.4.tgz#5166e286457f03306064be5497e8dbb0c3d32083"
  integrity sha512-yJHVQEhyqPLUTgt9B83PXu6W3rx4MvvHvSUvToogpwoGDOUQ+yDrR0HRot+yOCdCO7u4hX3pWft6kWBBcqh0UA==
  dependencies:
    brace-expansion "^1.1.7"

punycode@1.3.2:
  version "1.3.2"
  resolved "https://registry.yarnpkg.com/punycode/-/punycode-1.3.2.tgz#9653a036fb7c1ee42342f2325cceefea3926c48d"
  integrity sha1-llOgNvt8HuQjQvIyXM7v6jkmxI0=

querystring@0.2.0:
  version "0.2.0"
  resolved "https://registry.yarnpkg.com/querystring/-/querystring-0.2.0.tgz#b209849203bb25df820da756e747005878521620"
  integrity sha1-sgmEkgO7Jd+CDadW50cAWHhSFiA=

react-native-get-random-values@^1.4.0:
  version "1.5.0"
  resolved "https://registry.yarnpkg.com/react-native-get-random-values/-/react-native-get-random-values-1.5.0.tgz#91cda18f0e66e3d9d7660ba80c61c914030c1e05"
  integrity sha512-LK+Wb8dEimJkd/dub7qziDmr9Tw4chhpzVeQ6JDo4czgfG4VXbptRyOMdu8503RiMF6y9pTH6ZUTkrrpprqT7w==
  dependencies:
    fast-base64-decode "^1.0.0"

semver@^7.3.2:
  version "7.3.2"
  resolved "https://registry.yarnpkg.com/semver/-/semver-7.3.2.tgz#604962b052b81ed0786aae84389ffba70ffd3938"
  integrity sha512-OrOb32TeeambH6UrhtShmF7CRDqhL6/5XpPNp2DuRH6+9QLw/orhp72j87v8Qa1ScDkvrrBNpZcDejAirJmfXQ==

tslib@^1.11.1, tslib@^1.8.0:
  version "1.14.1"
  resolved "https://registry.yarnpkg.com/tslib/-/tslib-1.14.1.tgz#cf2d38bdc34a134bcaf1091c41f6619e2f672d00"
  integrity sha512-Xni35NKzjgMrwevysHTCArtLDpPvye8zV/0E4EyYn43P7/7qvQwPh9BGkHewbMulVntbigmcT7rdX3BNo9wRJg==

tslib@^2.0.0:
  version "2.0.3"
  resolved "https://registry.yarnpkg.com/tslib/-/tslib-2.0.3.tgz#8e0741ac45fc0c226e58a17bfc3e64b9bc6ca61c"
  integrity sha512-uZtkfKblCEQtZKBF6EBXVZeQNl82yqtDQdv+eck8u7tdPxjLu2/lp5/uPW+um2tpuxINHWy3GhiccY7QgEaVHQ==

typescript@^4.1.2:
  version "4.1.2"
  resolved "https://registry.yarnpkg.com/typescript/-/typescript-4.1.2.tgz#6369ef22516fe5e10304aae5a5c4862db55380e9"
  integrity sha512-thGloWsGH3SOxv1SoY7QojKi0tc+8FnOmiarEGMbd/lar7QOEd3hvlx3Fp5y6FlDUGl9L+pd4n2e+oToGMmhRQ==

universalify@^1.0.0:
  version "1.0.0"
  resolved "https://registry.yarnpkg.com/universalify/-/universalify-1.0.0.tgz#b61a1da173e8435b2fe3c67d29b9adf8594bd16d"
  integrity sha512-rb6X1W158d7pRQBg5gkR8uPaSfiids68LTJQYOtEUhoJUWBdaQHsuT/EUduxXYxcrt4r5PJ4fuHW1MHT6p0qug==

universalify@^2.0.0:
  version "2.0.0"
  resolved "https://registry.yarnpkg.com/universalify/-/universalify-2.0.0.tgz#75a4984efedc4b08975c5aeb73f530d02df25717"
  integrity sha512-hAZsKq7Yy11Zu1DE0OzWjw7nnLZmJZYTDZZyEFHZdUhV8FkH5MCfoU1XMaxXovpyW5nq5scPqq0ZDP9Zyl04oQ==

url@^0.11.0:
  version "0.11.0"
  resolved "https://registry.yarnpkg.com/url/-/url-0.11.0.tgz#3838e97cfc60521eb73c525a8e55bfdd9e2e28f1"
  integrity sha1-ODjpfPxgUh63PFJajlW/3Z4uKPE=
  dependencies:
    punycode "1.3.2"
    querystring "0.2.0"

uuid@^3.0.0:
  version "3.4.0"
  resolved "https://registry.yarnpkg.com/uuid/-/uuid-3.4.0.tgz#b23e4358afa8a202fe7a100af1f5f883f02007ee"
  integrity sha512-HjSDRw6gZE5JMggctHBcjVak08+KEVhSIiDzFnT9S9aegmp85S/bReBVTb4QTFaRNptJ9kuYaNhnbNEOkbKb/A==
